// !$*UTF8*$!
{
	archiveVersion = 1;
	classes = {
	};
	objectVersion = 55;
	objects = {

/* Begin PBXBuildFile section */
		B40FC89B27FC3541009A4700 /* UserService.swift in Sources */ = {isa = PBXBuildFile; fileRef = B40FC89A27FC3541009A4700 /* UserService.swift */; };
		B40FC89D27FC3665009A4700 /* TripService.swift in Sources */ = {isa = PBXBuildFile; fileRef = B40FC89C27FC3665009A4700 /* TripService.swift */; };
		B40FC89F27FC3680009A4700 /* Collections.swift in Sources */ = {isa = PBXBuildFile; fileRef = B40FC89E27FC3680009A4700 /* Collections.swift */; };
		B40FC8A127FC3E48009A4700 /* AddTripViewModel.swift in Sources */ = {isa = PBXBuildFile; fileRef = B40FC8A027FC3E48009A4700 /* AddTripViewModel.swift */; };
		B410629E27FC6A7300AA2767 /* CustomTextField.swift in Sources */ = {isa = PBXBuildFile; fileRef = B410629D27FC6A7300AA2767 /* CustomTextField.swift */; };
		B42FC97127F58569000D9693 /* LoginView.swift in Sources */ = {isa = PBXBuildFile; fileRef = B42FC97027F58569000D9693 /* LoginView.swift */; };
		B42FC97327F58572000D9693 /* RegisterView.swift in Sources */ = {isa = PBXBuildFile; fileRef = B42FC97227F58572000D9693 /* RegisterView.swift */; };
		B487880727FECE3C00D9F79D /* SDWebImageSwiftUI in Frameworks */ = {isa = PBXBuildFile; productRef = B487880627FECE3C00D9F79D /* SDWebImageSwiftUI */; };
		B487880B27FEE00400D9F79D /* ProfileView.swift in Sources */ = {isa = PBXBuildFile; fileRef = B487880A27FEE00400D9F79D /* ProfileView.swift */; };
		B499A41627F9C92D00CD14B4 /* Fish.swift in Sources */ = {isa = PBXBuildFile; fileRef = B499A41527F9C92D00CD14B4 /* Fish.swift */; };
		B499A41827F9CABC00CD14B4 /* AddFishView.swift in Sources */ = {isa = PBXBuildFile; fileRef = B499A41727F9CABC00CD14B4 /* AddFishView.swift */; };
		B499A41D27F9D5F800CD14B4 /* AddFishViewModel.swift in Sources */ = {isa = PBXBuildFile; fileRef = B499A41C27F9D5F800CD14B4 /* AddFishViewModel.swift */; };
		B499A42127F9D6F400CD14B4 /* TimeDurationPicker.swift in Sources */ = {isa = PBXBuildFile; fileRef = B499A42027F9D6F400CD14B4 /* TimeDurationPicker.swift */; };
		B499A42327F9D75900CD14B4 /* ImagePickerView.swift in Sources */ = {isa = PBXBuildFile; fileRef = B499A42227F9D75900CD14B4 /* ImagePickerView.swift */; };
		B499A42C27F9D84C00CD14B4 /* CameraManager.swift in Sources */ = {isa = PBXBuildFile; fileRef = B499A42B27F9D84C00CD14B4 /* CameraManager.swift */; };
		B499A42E27F9D85700CD14B4 /* LocationManager.swift in Sources */ = {isa = PBXBuildFile; fileRef = B499A42D27F9D85700CD14B4 /* LocationManager.swift */; };
		B499A43027F9DA0400CD14B4 /* AddTripView.swift in Sources */ = {isa = PBXBuildFile; fileRef = B499A42F27F9DA0400CD14B4 /* AddTripView.swift */; };
		B499A43227F9DA4900CD14B4 /* TripListItem.swift in Sources */ = {isa = PBXBuildFile; fileRef = B499A43127F9DA4900CD14B4 /* TripListItem.swift */; };
		B499A43427F9DA5D00CD14B4 /* TripDetailView.swift in Sources */ = {isa = PBXBuildFile; fileRef = B499A43327F9DA5D00CD14B4 /* TripDetailView.swift */; };
		B499A43627F9DA7D00CD14B4 /* Trip.swift in Sources */ = {isa = PBXBuildFile; fileRef = B499A43527F9DA7D00CD14B4 /* Trip.swift */; };
		B499A43827F9DAF000CD14B4 /* FishService.swift in Sources */ = {isa = PBXBuildFile; fileRef = B499A43727F9DAF000CD14B4 /* FishService.swift */; };
		B499A43A27F9E4B100CD14B4 /* Constants.swift in Sources */ = {isa = PBXBuildFile; fileRef = B499A43927F9E4B100CD14B4 /* Constants.swift */; };
		B499A43D27F9E9AF00CD14B4 /* FirebaseFirestoreSwift-Beta in Frameworks */ = {isa = PBXBuildFile; productRef = B499A43C27F9E9AF00CD14B4 /* FirebaseFirestoreSwift-Beta */; };
		B4AD59B627FDA4CF0090DC30 /* EditTripView.swift in Sources */ = {isa = PBXBuildFile; fileRef = B4AD59B527FDA4CF0090DC30 /* EditTripView.swift */; };
		B4AD59B827FDA5010090DC30 /* EditTripViewModel.swift in Sources */ = {isa = PBXBuildFile; fileRef = B4AD59B727FDA5010090DC30 /* EditTripViewModel.swift */; };
		B4AD59BA27FDA9750090DC30 /* MyButtonStyle.swift in Sources */ = {isa = PBXBuildFile; fileRef = B4AD59B927FDA9750090DC30 /* MyButtonStyle.swift */; };
		B4AD59BC27FDAFB10090DC30 /* TripForm.swift in Sources */ = {isa = PBXBuildFile; fileRef = B4AD59BB27FDAFB10090DC30 /* TripForm.swift */; };
		B4B68C2327FD6C4700F49D35 /* SettingsView.swift in Sources */ = {isa = PBXBuildFile; fileRef = B4B68C2227FD6C4700F49D35 /* SettingsView.swift */; };
		B4B68C2527FD6C6E00F49D35 /* ProfileHeader+TextView.swift in Sources */ = {isa = PBXBuildFile; fileRef = B4B68C2427FD6C6E00F49D35 /* ProfileHeader+TextView.swift */; };
		B4B68C2927FD6CD700F49D35 /* DefaultSettings.swift in Sources */ = {isa = PBXBuildFile; fileRef = B4B68C2827FD6CD700F49D35 /* DefaultSettings.swift */; };
		B4B68C2B27FD6E5700F49D35 /* SettingsViewModel.swift in Sources */ = {isa = PBXBuildFile; fileRef = B4B68C2A27FD6E5700F49D35 /* SettingsViewModel.swift */; };
		B4CC93DE27FACCF000FD809C /* FishListItem.swift in Sources */ = {isa = PBXBuildFile; fileRef = B4CC93DD27FACCF000FD809C /* FishListItem.swift */; };
		B4CC93E027FACD6400FD809C /* FishDetailView.swift in Sources */ = {isa = PBXBuildFile; fileRef = B4CC93DF27FACD6400FD809C /* FishDetailView.swift */; };
		B4CC93E227FAD43600FD809C /* FishDetailViewModel.swift in Sources */ = {isa = PBXBuildFile; fileRef = B4CC93E127FAD43600FD809C /* FishDetailViewModel.swift */; };
		B4CC93E427FAD44D00FD809C /* TripDetailViewModel.swift in Sources */ = {isa = PBXBuildFile; fileRef = B4CC93E327FAD44D00FD809C /* TripDetailViewModel.swift */; };
		B4CC93E727FAD60F00FD809C /* DateFormatters.swift in Sources */ = {isa = PBXBuildFile; fileRef = B4CC93E627FAD60F00FD809C /* DateFormatters.swift */; };
		B4CC93E927FB125500FD809C /* NumberFormatters.swift in Sources */ = {isa = PBXBuildFile; fileRef = B4CC93E827FB125500FD809C /* NumberFormatters.swift */; };
		B4CC93EB27FB13B400FD809C /* ProfileViewModel.swift in Sources */ = {isa = PBXBuildFile; fileRef = B4CC93EA27FB13B400FD809C /* ProfileViewModel.swift */; };
		B4CC93F027FB1D5800FD809C /* FirebaseStorage in Frameworks */ = {isa = PBXBuildFile; productRef = B4CC93EF27FB1D5800FD809C /* FirebaseStorage */; };
		B4CC93F227FB1D5800FD809C /* FirebaseStorageCombine-Community in Frameworks */ = {isa = PBXBuildFile; productRef = B4CC93F127FB1D5800FD809C /* FirebaseStorageCombine-Community */; };
		B4CC93F427FB1D5800FD809C /* FirebaseStorageSwift-Beta in Frameworks */ = {isa = PBXBuildFile; productRef = B4CC93F327FB1D5800FD809C /* FirebaseStorageSwift-Beta */; };
		B4CC93F627FB2A4E00FD809C /* StorageManager.swift in Sources */ = {isa = PBXBuildFile; fileRef = B4CC93F527FB2A4E00FD809C /* StorageManager.swift */; };
		B4D3819A27F49C7400A6075D /* RegulationsView.swift in Sources */ = {isa = PBXBuildFile; fileRef = B4D3819927F49C7400A6075D /* RegulationsView.swift */; };
		B4DF87EF27FA21FE001E5555 /* HomeViewModel.swift in Sources */ = {isa = PBXBuildFile; fileRef = B4DF87EE27FA21FE001E5555 /* HomeViewModel.swift */; };
		B4DF87F127FA2D3C001E5555 /* LoadingState.swift in Sources */ = {isa = PBXBuildFile; fileRef = B4DF87F027FA2D3C001E5555 /* LoadingState.swift */; };
		B4DF87F327FA31D6001E5555 /* ErrorView.swift in Sources */ = {isa = PBXBuildFile; fileRef = B4DF87F227FA31D6001E5555 /* ErrorView.swift */; };
		B4F0540727FC275200C3EFDE /* EditFishView.swift in Sources */ = {isa = PBXBuildFile; fileRef = B4F0540627FC275200C3EFDE /* EditFishView.swift */; };
		B4F0540927FC277000C3EFDE /* EditFishViewModel.swift in Sources */ = {isa = PBXBuildFile; fileRef = B4F0540827FC277000C3EFDE /* EditFishViewModel.swift */; };
		B4F9C30827F46A6000D0C23D /* FishingSouthAfricaApp.swift in Sources */ = {isa = PBXBuildFile; fileRef = B4F9C30727F46A6000D0C23D /* FishingSouthAfricaApp.swift */; };
		B4F9C30A27F46A6000D0C23D /* ContentView.swift in Sources */ = {isa = PBXBuildFile; fileRef = B4F9C30927F46A6000D0C23D /* ContentView.swift */; };
		B4F9C30C27F46A6500D0C23D /* Assets.xcassets in Resources */ = {isa = PBXBuildFile; fileRef = B4F9C30B27F46A6500D0C23D /* Assets.xcassets */; };
		B4F9C30F27F46A6500D0C23D /* Preview Assets.xcassets in Resources */ = {isa = PBXBuildFile; fileRef = B4F9C30E27F46A6500D0C23D /* Preview Assets.xcassets */; };
		B4F9C31727F46B0600D0C23D /* FirebaseAuth in Frameworks */ = {isa = PBXBuildFile; productRef = B4F9C31627F46B0600D0C23D /* FirebaseAuth */; };
		B4F9C31927F46B0600D0C23D /* FirebaseFirestore in Frameworks */ = {isa = PBXBuildFile; productRef = B4F9C31827F46B0600D0C23D /* FirebaseFirestore */; };
		B4F9C31B27F46B0600D0C23D /* FirebaseStorage in Frameworks */ = {isa = PBXBuildFile; productRef = B4F9C31A27F46B0600D0C23D /* FirebaseStorage */; };
		B4F9C32027F46C5C00D0C23D /* Authentication.swift in Sources */ = {isa = PBXBuildFile; fileRef = B4F9C31F27F46C5C00D0C23D /* Authentication.swift */; };
		B4F9C32227F46CFA00D0C23D /* HomeView.swift in Sources */ = {isa = PBXBuildFile; fileRef = B4F9C32127F46CFA00D0C23D /* HomeView.swift */; };
		B4F9C32D27F4704100D0C23D /* SignInButton.swift in Sources */ = {isa = PBXBuildFile; fileRef = B4F9C32C27F4704100D0C23D /* SignInButton.swift */; };
		B4F9C32F27F471F200D0C23D /* GoogleService-Info.plist in Resources */ = {isa = PBXBuildFile; fileRef = B4F9C32E27F471F200D0C23D /* GoogleService-Info.plist */; };
/* End PBXBuildFile section */

/* Begin PBXFileReference section */
		B40FC89A27FC3541009A4700 /* UserService.swift */ = {isa = PBXFileReference; lastKnownFileType = sourcecode.swift; path = UserService.swift; sourceTree = "<group>"; };
		B40FC89C27FC3665009A4700 /* TripService.swift */ = {isa = PBXFileReference; lastKnownFileType = sourcecode.swift; path = TripService.swift; sourceTree = "<group>"; };
		B40FC89E27FC3680009A4700 /* Collections.swift */ = {isa = PBXFileReference; lastKnownFileType = sourcecode.swift; path = Collections.swift; sourceTree = "<group>"; };
		B40FC8A027FC3E48009A4700 /* AddTripViewModel.swift */ = {isa = PBXFileReference; lastKnownFileType = sourcecode.swift; path = AddTripViewModel.swift; sourceTree = "<group>"; };
		B40FC8A227FC47BC009A4700 /* README.md */ = {isa = PBXFileReference; lastKnownFileType = net.daringfireball.markdown; path = README.md; sourceTree = "<group>"; };
		B410629D27FC6A7300AA2767 /* CustomTextField.swift */ = {isa = PBXFileReference; lastKnownFileType = sourcecode.swift; path = CustomTextField.swift; sourceTree = "<group>"; };
		B42FC97027F58569000D9693 /* LoginView.swift */ = {isa = PBXFileReference; lastKnownFileType = sourcecode.swift; path = LoginView.swift; sourceTree = "<group>"; };
		B42FC97227F58572000D9693 /* RegisterView.swift */ = {isa = PBXFileReference; lastKnownFileType = sourcecode.swift; path = RegisterView.swift; sourceTree = "<group>"; };
		B487880A27FEE00400D9F79D /* ProfileView.swift */ = {isa = PBXFileReference; lastKnownFileType = sourcecode.swift; path = ProfileView.swift; sourceTree = "<group>"; };
		B499A41527F9C92D00CD14B4 /* Fish.swift */ = {isa = PBXFileReference; lastKnownFileType = sourcecode.swift; path = Fish.swift; sourceTree = "<group>"; };
		B499A41727F9CABC00CD14B4 /* AddFishView.swift */ = {isa = PBXFileReference; lastKnownFileType = sourcecode.swift; path = AddFishView.swift; sourceTree = "<group>"; };
		B499A41C27F9D5F800CD14B4 /* AddFishViewModel.swift */ = {isa = PBXFileReference; lastKnownFileType = sourcecode.swift; path = AddFishViewModel.swift; sourceTree = "<group>"; };
		B499A42027F9D6F400CD14B4 /* TimeDurationPicker.swift */ = {isa = PBXFileReference; lastKnownFileType = sourcecode.swift; path = TimeDurationPicker.swift; sourceTree = "<group>"; };
		B499A42227F9D75900CD14B4 /* ImagePickerView.swift */ = {isa = PBXFileReference; lastKnownFileType = sourcecode.swift; path = ImagePickerView.swift; sourceTree = "<group>"; };
		B499A42B27F9D84C00CD14B4 /* CameraManager.swift */ = {isa = PBXFileReference; lastKnownFileType = sourcecode.swift; path = CameraManager.swift; sourceTree = "<group>"; };
		B499A42D27F9D85700CD14B4 /* LocationManager.swift */ = {isa = PBXFileReference; lastKnownFileType = sourcecode.swift; path = LocationManager.swift; sourceTree = "<group>"; };
		B499A42F27F9DA0400CD14B4 /* AddTripView.swift */ = {isa = PBXFileReference; lastKnownFileType = sourcecode.swift; path = AddTripView.swift; sourceTree = "<group>"; };
		B499A43127F9DA4900CD14B4 /* TripListItem.swift */ = {isa = PBXFileReference; lastKnownFileType = sourcecode.swift; path = TripListItem.swift; sourceTree = "<group>"; };
		B499A43327F9DA5D00CD14B4 /* TripDetailView.swift */ = {isa = PBXFileReference; lastKnownFileType = sourcecode.swift; path = TripDetailView.swift; sourceTree = "<group>"; };
		B499A43527F9DA7D00CD14B4 /* Trip.swift */ = {isa = PBXFileReference; lastKnownFileType = sourcecode.swift; path = Trip.swift; sourceTree = "<group>"; };
		B499A43727F9DAF000CD14B4 /* FishService.swift */ = {isa = PBXFileReference; lastKnownFileType = sourcecode.swift; path = FishService.swift; sourceTree = "<group>"; };
		B499A43927F9E4B100CD14B4 /* Constants.swift */ = {isa = PBXFileReference; lastKnownFileType = sourcecode.swift; path = Constants.swift; sourceTree = "<group>"; };
		B4AD59B527FDA4CF0090DC30 /* EditTripView.swift */ = {isa = PBXFileReference; lastKnownFileType = sourcecode.swift; path = EditTripView.swift; sourceTree = "<group>"; };
		B4AD59B727FDA5010090DC30 /* EditTripViewModel.swift */ = {isa = PBXFileReference; lastKnownFileType = sourcecode.swift; path = EditTripViewModel.swift; sourceTree = "<group>"; };
		B4AD59B927FDA9750090DC30 /* MyButtonStyle.swift */ = {isa = PBXFileReference; lastKnownFileType = sourcecode.swift; path = MyButtonStyle.swift; sourceTree = "<group>"; };
		B4AD59BB27FDAFB10090DC30 /* TripForm.swift */ = {isa = PBXFileReference; lastKnownFileType = sourcecode.swift; path = TripForm.swift; sourceTree = "<group>"; };
		B4B68C2227FD6C4700F49D35 /* SettingsView.swift */ = {isa = PBXFileReference; lastKnownFileType = sourcecode.swift; path = SettingsView.swift; sourceTree = "<group>"; };
		B4B68C2427FD6C6E00F49D35 /* ProfileHeader+TextView.swift */ = {isa = PBXFileReference; lastKnownFileType = sourcecode.swift; path = "ProfileHeader+TextView.swift"; sourceTree = "<group>"; };
		B4B68C2827FD6CD700F49D35 /* DefaultSettings.swift */ = {isa = PBXFileReference; lastKnownFileType = sourcecode.swift; path = DefaultSettings.swift; sourceTree = "<group>"; };
		B4B68C2A27FD6E5700F49D35 /* SettingsViewModel.swift */ = {isa = PBXFileReference; lastKnownFileType = sourcecode.swift; path = SettingsViewModel.swift; sourceTree = "<group>"; };
		B4CC93DD27FACCF000FD809C /* FishListItem.swift */ = {isa = PBXFileReference; lastKnownFileType = sourcecode.swift; path = FishListItem.swift; sourceTree = "<group>"; };
		B4CC93DF27FACD6400FD809C /* FishDetailView.swift */ = {isa = PBXFileReference; lastKnownFileType = sourcecode.swift; path = FishDetailView.swift; sourceTree = "<group>"; };
		B4CC93E127FAD43600FD809C /* FishDetailViewModel.swift */ = {isa = PBXFileReference; lastKnownFileType = sourcecode.swift; path = FishDetailViewModel.swift; sourceTree = "<group>"; };
		B4CC93E327FAD44D00FD809C /* TripDetailViewModel.swift */ = {isa = PBXFileReference; lastKnownFileType = sourcecode.swift; path = TripDetailViewModel.swift; sourceTree = "<group>"; };
		B4CC93E627FAD60F00FD809C /* DateFormatters.swift */ = {isa = PBXFileReference; lastKnownFileType = sourcecode.swift; path = DateFormatters.swift; sourceTree = "<group>"; };
		B4CC93E827FB125500FD809C /* NumberFormatters.swift */ = {isa = PBXFileReference; lastKnownFileType = sourcecode.swift; path = NumberFormatters.swift; sourceTree = "<group>"; };
		B4CC93EA27FB13B400FD809C /* ProfileViewModel.swift */ = {isa = PBXFileReference; lastKnownFileType = sourcecode.swift; path = ProfileViewModel.swift; sourceTree = "<group>"; };
		B4CC93F527FB2A4E00FD809C /* StorageManager.swift */ = {isa = PBXFileReference; lastKnownFileType = sourcecode.swift; path = StorageManager.swift; sourceTree = "<group>"; };
		B4D3819927F49C7400A6075D /* RegulationsView.swift */ = {isa = PBXFileReference; lastKnownFileType = sourcecode.swift; path = RegulationsView.swift; sourceTree = "<group>"; };
		B4DF87EE27FA21FE001E5555 /* HomeViewModel.swift */ = {isa = PBXFileReference; lastKnownFileType = sourcecode.swift; path = HomeViewModel.swift; sourceTree = "<group>"; };
		B4DF87F027FA2D3C001E5555 /* LoadingState.swift */ = {isa = PBXFileReference; lastKnownFileType = sourcecode.swift; path = LoadingState.swift; sourceTree = "<group>"; };
		B4DF87F227FA31D6001E5555 /* ErrorView.swift */ = {isa = PBXFileReference; lastKnownFileType = sourcecode.swift; path = ErrorView.swift; sourceTree = "<group>"; };
		B4F0540627FC275200C3EFDE /* EditFishView.swift */ = {isa = PBXFileReference; lastKnownFileType = sourcecode.swift; path = EditFishView.swift; sourceTree = "<group>"; };
		B4F0540827FC277000C3EFDE /* EditFishViewModel.swift */ = {isa = PBXFileReference; lastKnownFileType = sourcecode.swift; path = EditFishViewModel.swift; sourceTree = "<group>"; };
		B4F9C30427F46A6000D0C23D /* Fishing South Africa.app */ = {isa = PBXFileReference; explicitFileType = wrapper.application; includeInIndex = 0; path = "Fishing South Africa.app"; sourceTree = BUILT_PRODUCTS_DIR; };
		B4F9C30727F46A6000D0C23D /* FishingSouthAfricaApp.swift */ = {isa = PBXFileReference; lastKnownFileType = sourcecode.swift; path = FishingSouthAfricaApp.swift; sourceTree = "<group>"; };
		B4F9C30927F46A6000D0C23D /* ContentView.swift */ = {isa = PBXFileReference; lastKnownFileType = sourcecode.swift; path = ContentView.swift; sourceTree = "<group>"; };
		B4F9C30B27F46A6500D0C23D /* Assets.xcassets */ = {isa = PBXFileReference; lastKnownFileType = folder.assetcatalog; path = Assets.xcassets; sourceTree = "<group>"; };
		B4F9C30E27F46A6500D0C23D /* Preview Assets.xcassets */ = {isa = PBXFileReference; lastKnownFileType = folder.assetcatalog; path = "Preview Assets.xcassets"; sourceTree = "<group>"; };
		B4F9C31F27F46C5C00D0C23D /* Authentication.swift */ = {isa = PBXFileReference; lastKnownFileType = sourcecode.swift; path = Authentication.swift; sourceTree = "<group>"; };
		B4F9C32127F46CFA00D0C23D /* HomeView.swift */ = {isa = PBXFileReference; lastKnownFileType = sourcecode.swift; path = HomeView.swift; sourceTree = "<group>"; };
		B4F9C32C27F4704100D0C23D /* SignInButton.swift */ = {isa = PBXFileReference; lastKnownFileType = sourcecode.swift; path = SignInButton.swift; sourceTree = "<group>"; };
		B4F9C32E27F471F200D0C23D /* GoogleService-Info.plist */ = {isa = PBXFileReference; fileEncoding = 4; lastKnownFileType = text.plist.xml; path = "GoogleService-Info.plist"; sourceTree = "<group>"; };
/* End PBXFileReference section */

/* Begin PBXFrameworksBuildPhase section */
		B4F9C30127F46A6000D0C23D /* Frameworks */ = {
			isa = PBXFrameworksBuildPhase;
			buildActionMask = 2147483647;
			files = (
				B4F9C31727F46B0600D0C23D /* FirebaseAuth in Frameworks */,
				B499A43D27F9E9AF00CD14B4 /* FirebaseFirestoreSwift-Beta in Frameworks */,
				B4F9C31927F46B0600D0C23D /* FirebaseFirestore in Frameworks */,
				B4CC93F027FB1D5800FD809C /* FirebaseStorage in Frameworks */,
				B487880727FECE3C00D9F79D /* SDWebImageSwiftUI in Frameworks */,
				B4CC93F227FB1D5800FD809C /* FirebaseStorageCombine-Community in Frameworks */,
				B4CC93F427FB1D5800FD809C /* FirebaseStorageSwift-Beta in Frameworks */,
				B4F9C31B27F46B0600D0C23D /* FirebaseStorage in Frameworks */,
			);
			runOnlyForDeploymentPostprocessing = 0;
		};
/* End PBXFrameworksBuildPhase section */

/* Begin PBXGroup section */
		B410629727FC671900AA2767 /* Home */ = {
			isa = PBXGroup;
			children = (
				B4F9C32127F46CFA00D0C23D /* HomeView.swift */,
				B499A43127F9DA4900CD14B4 /* TripListItem.swift */,
				B499A43327F9DA5D00CD14B4 /* TripDetailView.swift */,
				B4CC93DD27FACCF000FD809C /* FishListItem.swift */,
				B4CC93DF27FACD6400FD809C /* FishDetailView.swift */,
				B499A41727F9CABC00CD14B4 /* AddFishView.swift */,
				B499A42F27F9DA0400CD14B4 /* AddTripView.swift */,
				B4F0540627FC275200C3EFDE /* EditFishView.swift */,
				B4AD59B527FDA4CF0090DC30 /* EditTripView.swift */,
				B4AD59BB27FDAFB10090DC30 /* TripForm.swift */,
			);
			path = Home;
			sourceTree = "<group>";
		};
		B410629827FC671F00AA2767 /* Regulations */ = {
			isa = PBXGroup;
			children = (
				B4D3819927F49C7400A6075D /* RegulationsView.swift */,
			);
			path = Regulations;
			sourceTree = "<group>";
		};
		B410629927FC672700AA2767 /* Profile */ = {
			isa = PBXGroup;
			children = (
				B4B68C2227FD6C4700F49D35 /* SettingsView.swift */,
				B4B68C2427FD6C6E00F49D35 /* ProfileHeader+TextView.swift */,
				B487880A27FEE00400D9F79D /* ProfileView.swift */,
			);
			path = Profile;
			sourceTree = "<group>";
		};
		B410629A27FC67AC00AA2767 /* Home */ = {
			isa = PBXGroup;
			children = (
				B4DF87EE27FA21FE001E5555 /* HomeViewModel.swift */,
				B499A41C27F9D5F800CD14B4 /* AddFishViewModel.swift */,
				B4F0540827FC277000C3EFDE /* EditFishViewModel.swift */,
				B4CC93E127FAD43600FD809C /* FishDetailViewModel.swift */,
				B4CC93E327FAD44D00FD809C /* TripDetailViewModel.swift */,
				B40FC8A027FC3E48009A4700 /* AddTripViewModel.swift */,
				B4AD59B727FDA5010090DC30 /* EditTripViewModel.swift */,
			);
			path = Home;
			sourceTree = "<group>";
		};
		B410629B27FC67B100AA2767 /* Regulations */ = {
			isa = PBXGroup;
			children = (
			);
			path = Regulations;
			sourceTree = "<group>";
		};
		B410629C27FC67BC00AA2767 /* Profile */ = {
			isa = PBXGroup;
			children = (
				B4CC93EA27FB13B400FD809C /* ProfileViewModel.swift */,
				B4B68C2A27FD6E5700F49D35 /* SettingsViewModel.swift */,
			);
			path = Profile;
			sourceTree = "<group>";
		};
		B499A41427F9C92400CD14B4 /* Model */ = {
			isa = PBXGroup;
			children = (
				B4F9C31F27F46C5C00D0C23D /* Authentication.swift */,
				B499A41527F9C92D00CD14B4 /* Fish.swift */,
				B499A43527F9DA7D00CD14B4 /* Trip.swift */,
				B4B68C2827FD6CD700F49D35 /* DefaultSettings.swift */,
			);
			path = Model;
			sourceTree = "<group>";
		};
		B499A41B27F9D5E900CD14B4 /* ViewModel */ = {
			isa = PBXGroup;
			children = (
				B410629A27FC67AC00AA2767 /* Home */,
				B410629B27FC67B100AA2767 /* Regulations */,
				B410629C27FC67BC00AA2767 /* Profile */,
			);
			path = ViewModel;
			sourceTree = "<group>";
		};
		B499A41E27F9D6E300CD14B4 /* View */ = {
			isa = PBXGroup;
			children = (
				B4F9C30927F46A6000D0C23D /* ContentView.swift */,
				B410629727FC671900AA2767 /* Home */,
				B410629827FC671F00AA2767 /* Regulations */,
				B410629927FC672700AA2767 /* Profile */,
				B499A42227F9D75900CD14B4 /* ImagePickerView.swift */,
				B499A42727F9D7C700CD14B4 /* Authentication */,
				B499A41F27F9D6E700CD14B4 /* Partial */,
			);
			path = View;
			sourceTree = "<group>";
		};
		B499A41F27F9D6E700CD14B4 /* Partial */ = {
			isa = PBXGroup;
			children = (
				B4DF87F227FA31D6001E5555 /* ErrorView.swift */,
				B4F9C32C27F4704100D0C23D /* SignInButton.swift */,
				B499A42027F9D6F400CD14B4 /* TimeDurationPicker.swift */,
				B410629D27FC6A7300AA2767 /* CustomTextField.swift */,
				B4AD59B927FDA9750090DC30 /* MyButtonStyle.swift */,
			);
			path = Partial;
			sourceTree = "<group>";
		};
		B499A42627F9D7B500CD14B4 /* Services */ = {
			isa = PBXGroup;
			children = (
				B40FC89A27FC3541009A4700 /* UserService.swift */,
				B499A43727F9DAF000CD14B4 /* FishService.swift */,
				B40FC89C27FC3665009A4700 /* TripService.swift */,
				B40FC89E27FC3680009A4700 /* Collections.swift */,
			);
			path = Services;
			sourceTree = "<group>";
		};
		B499A42727F9D7C700CD14B4 /* Authentication */ = {
			isa = PBXGroup;
			children = (
				B42FC97027F58569000D9693 /* LoginView.swift */,
				B42FC97227F58572000D9693 /* RegisterView.swift */,
			);
			path = Authentication;
			sourceTree = "<group>";
		};
		B499A42A27F9D84000CD14B4 /* Managers */ = {
			isa = PBXGroup;
			children = (
				B499A42B27F9D84C00CD14B4 /* CameraManager.swift */,
				B499A42D27F9D85700CD14B4 /* LocationManager.swift */,
				B4CC93F527FB2A4E00FD809C /* StorageManager.swift */,
			);
			path = Managers;
			sourceTree = "<group>";
		};
		B4CC93E527FAD60300FD809C /* Formatters */ = {
			isa = PBXGroup;
			children = (
				B4CC93E627FAD60F00FD809C /* DateFormatters.swift */,
				B4CC93E827FB125500FD809C /* NumberFormatters.swift */,
			);
			path = Formatters;
			sourceTree = "<group>";
		};
		B4F9C2FB27F46A6000D0C23D = {
			isa = PBXGroup;
			children = (
				B4F9C30627F46A6000D0C23D /* FishingSouthAfrica */,
				B4F9C30527F46A6000D0C23D /* Products */,
			);
			sourceTree = "<group>";
		};
		B4F9C30527F46A6000D0C23D /* Products */ = {
			isa = PBXGroup;
			children = (
				B4F9C30427F46A6000D0C23D /* Fishing South Africa.app */,
			);
			name = Products;
			sourceTree = "<group>";
		};
		B4F9C30627F46A6000D0C23D /* FishingSouthAfrica */ = {
			isa = PBXGroup;
			children = (
				B4F9C30727F46A6000D0C23D /* FishingSouthAfricaApp.swift */,
				B499A43927F9E4B100CD14B4 /* Constants.swift */,
				B4DF87F027FA2D3C001E5555 /* LoadingState.swift */,
				B4CC93E527FAD60300FD809C /* Formatters */,
				B499A42A27F9D84000CD14B4 /* Managers */,
				B499A41427F9C92400CD14B4 /* Model */,
				B499A42627F9D7B500CD14B4 /* Services */,
				B499A41E27F9D6E300CD14B4 /* View */,
				B499A41B27F9D5E900CD14B4 /* ViewModel */,
				B4F9C32E27F471F200D0C23D /* GoogleService-Info.plist */,
				B4F9C30B27F46A6500D0C23D /* Assets.xcassets */,
				B4F9C30D27F46A6500D0C23D /* Preview Content */,
				B40FC8A227FC47BC009A4700 /* README.md */,
			);
			path = FishingSouthAfrica;
			sourceTree = "<group>";
		};
		B4F9C30D27F46A6500D0C23D /* Preview Content */ = {
			isa = PBXGroup;
			children = (
				B4F9C30E27F46A6500D0C23D /* Preview Assets.xcassets */,
			);
			path = "Preview Content";
			sourceTree = "<group>";
		};
/* End PBXGroup section */

/* Begin PBXNativeTarget section */
		B4F9C30327F46A6000D0C23D /* FishingSouthAfrica */ = {
			isa = PBXNativeTarget;
			buildConfigurationList = B4F9C31227F46A6500D0C23D /* Build configuration list for PBXNativeTarget "FishingSouthAfrica" */;
			buildPhases = (
				B4F9C30027F46A6000D0C23D /* Sources */,
				B4F9C30127F46A6000D0C23D /* Frameworks */,
				B4F9C30227F46A6000D0C23D /* Resources */,
			);
			buildRules = (
			);
			dependencies = (
			);
			name = FishingSouthAfrica;
			packageProductDependencies = (
				B4F9C31627F46B0600D0C23D /* FirebaseAuth */,
				B4F9C31827F46B0600D0C23D /* FirebaseFirestore */,
				B4F9C31A27F46B0600D0C23D /* FirebaseStorage */,
				B499A43C27F9E9AF00CD14B4 /* FirebaseFirestoreSwift-Beta */,
				B4CC93EF27FB1D5800FD809C /* FirebaseStorage */,
				B4CC93F127FB1D5800FD809C /* FirebaseStorageCombine-Community */,
				B4CC93F327FB1D5800FD809C /* FirebaseStorageSwift-Beta */,
				B487880627FECE3C00D9F79D /* SDWebImageSwiftUI */,
			);
			productName = FishingSouthAfrica;
			productReference = B4F9C30427F46A6000D0C23D /* Fishing South Africa.app */;
			productType = "com.apple.product-type.application";
		};
/* End PBXNativeTarget section */

/* Begin PBXProject section */
		B4F9C2FC27F46A6000D0C23D /* Project object */ = {
			isa = PBXProject;
			attributes = {
				BuildIndependentTargetsInParallel = 1;
				LastSwiftUpdateCheck = 1330;
				LastUpgradeCheck = 1330;
				TargetAttributes = {
					B4F9C30327F46A6000D0C23D = {
						CreatedOnToolsVersion = 13.3;
					};
				};
			};
			buildConfigurationList = B4F9C2FF27F46A6000D0C23D /* Build configuration list for PBXProject "FishingSouthAfrica" */;
			compatibilityVersion = "Xcode 13.0";
			developmentRegion = en;
			hasScannedForEncodings = 0;
			knownRegions = (
				en,
				Base,
			);
			mainGroup = B4F9C2FB27F46A6000D0C23D;
			packageReferences = (
				B4F9C31527F46B0600D0C23D /* XCRemoteSwiftPackageReference "firebase-ios-sdk" */,
				B499A43B27F9E9AF00CD14B4 /* XCRemoteSwiftPackageReference "firebase-ios-sdk" */,
				B4CC93EE27FB1D5800FD809C /* XCRemoteSwiftPackageReference "firebase-ios-sdk" */,
				B487880527FECE3C00D9F79D /* XCRemoteSwiftPackageReference "SDWebImageSwiftUI" */,
			);
			productRefGroup = B4F9C30527F46A6000D0C23D /* Products */;
			projectDirPath = "";
			projectRoot = "";
			targets = (
				B4F9C30327F46A6000D0C23D /* FishingSouthAfrica */,
			);
		};
/* End PBXProject section */

/* Begin PBXResourcesBuildPhase section */
		B4F9C30227F46A6000D0C23D /* Resources */ = {
			isa = PBXResourcesBuildPhase;
			buildActionMask = 2147483647;
			files = (
				B4F9C30F27F46A6500D0C23D /* Preview Assets.xcassets in Resources */,
				B4F9C30C27F46A6500D0C23D /* Assets.xcassets in Resources */,
				B4F9C32F27F471F200D0C23D /* GoogleService-Info.plist in Resources */,
			);
			runOnlyForDeploymentPostprocessing = 0;
		};
/* End PBXResourcesBuildPhase section */

/* Begin PBXSourcesBuildPhase section */
		B4F9C30027F46A6000D0C23D /* Sources */ = {
			isa = PBXSourcesBuildPhase;
			buildActionMask = 2147483647;
			files = (
				B4CC93E727FAD60F00FD809C /* DateFormatters.swift in Sources */,
				B4AD59BA27FDA9750090DC30 /* MyButtonStyle.swift in Sources */,
				B4F9C30A27F46A6000D0C23D /* ContentView.swift in Sources */,
				B4CC93E227FAD43600FD809C /* FishDetailViewModel.swift in Sources */,
				B4CC93F627FB2A4E00FD809C /* StorageManager.swift in Sources */,
				B40FC89D27FC3665009A4700 /* TripService.swift in Sources */,
				B4F0540927FC277000C3EFDE /* EditFishViewModel.swift in Sources */,
				B499A42C27F9D84C00CD14B4 /* CameraManager.swift in Sources */,
				B499A43027F9DA0400CD14B4 /* AddTripView.swift in Sources */,
				B499A41D27F9D5F800CD14B4 /* AddFishViewModel.swift in Sources */,
				B4CC93E427FAD44D00FD809C /* TripDetailViewModel.swift in Sources */,
				B42FC97327F58572000D9693 /* RegisterView.swift in Sources */,
				B4F0540727FC275200C3EFDE /* EditFishView.swift in Sources */,
				B4DF87F327FA31D6001E5555 /* ErrorView.swift in Sources */,
				B499A42327F9D75900CD14B4 /* ImagePickerView.swift in Sources */,
				B410629E27FC6A7300AA2767 /* CustomTextField.swift in Sources */,
				B499A43427F9DA5D00CD14B4 /* TripDetailView.swift in Sources */,
				B499A43827F9DAF000CD14B4 /* FishService.swift in Sources */,
				B4B68C2B27FD6E5700F49D35 /* SettingsViewModel.swift in Sources */,
				B4CC93DE27FACCF000FD809C /* FishListItem.swift in Sources */,
				B4B68C2327FD6C4700F49D35 /* SettingsView.swift in Sources */,
				B4B68C2527FD6C6E00F49D35 /* ProfileHeader+TextView.swift in Sources */,
				B499A43A27F9E4B100CD14B4 /* Constants.swift in Sources */,
				B4DF87F127FA2D3C001E5555 /* LoadingState.swift in Sources */,
				B4D3819A27F49C7400A6075D /* RegulationsView.swift in Sources */,
				B4AD59BC27FDAFB10090DC30 /* TripForm.swift in Sources */,
				B4AD59B627FDA4CF0090DC30 /* EditTripView.swift in Sources */,
				B499A43627F9DA7D00CD14B4 /* Trip.swift in Sources */,
				B4CC93E927FB125500FD809C /* NumberFormatters.swift in Sources */,
				B4DF87EF27FA21FE001E5555 /* HomeViewModel.swift in Sources */,
				B4F9C32227F46CFA00D0C23D /* HomeView.swift in Sources */,
				B4AD59B827FDA5010090DC30 /* EditTripViewModel.swift in Sources */,
				B4F9C32027F46C5C00D0C23D /* Authentication.swift in Sources */,
				B499A41827F9CABC00CD14B4 /* AddFishView.swift in Sources */,
				B499A41627F9C92D00CD14B4 /* Fish.swift in Sources */,
				B499A42E27F9D85700CD14B4 /* LocationManager.swift in Sources */,
				B499A42127F9D6F400CD14B4 /* TimeDurationPicker.swift in Sources */,
				B40FC89B27FC3541009A4700 /* UserService.swift in Sources */,
				B4B68C2927FD6CD700F49D35 /* DefaultSettings.swift in Sources */,
				B40FC8A127FC3E48009A4700 /* AddTripViewModel.swift in Sources */,
				B487880B27FEE00400D9F79D /* ProfileView.swift in Sources */,
				B42FC97127F58569000D9693 /* LoginView.swift in Sources */,
				B4CC93E027FACD6400FD809C /* FishDetailView.swift in Sources */,
				B4CC93EB27FB13B400FD809C /* ProfileViewModel.swift in Sources */,
				B4F9C32D27F4704100D0C23D /* SignInButton.swift in Sources */,
				B4F9C30827F46A6000D0C23D /* FishingSouthAfricaApp.swift in Sources */,
				B499A43227F9DA4900CD14B4 /* TripListItem.swift in Sources */,
				B40FC89F27FC3680009A4700 /* Collections.swift in Sources */,
			);
			runOnlyForDeploymentPostprocessing = 0;
		};
/* End PBXSourcesBuildPhase section */

/* Begin XCBuildConfiguration section */
		B4F9C31027F46A6500D0C23D /* Debug */ = {
			isa = XCBuildConfiguration;
			buildSettings = {
				ALWAYS_SEARCH_USER_PATHS = NO;
				CLANG_ANALYZER_NONNULL = YES;
				CLANG_ANALYZER_NUMBER_OBJECT_CONVERSION = YES_AGGRESSIVE;
				CLANG_CXX_LANGUAGE_STANDARD = "gnu++17";
				CLANG_ENABLE_MODULES = YES;
				CLANG_ENABLE_OBJC_ARC = YES;
				CLANG_ENABLE_OBJC_WEAK = YES;
				CLANG_WARN_BLOCK_CAPTURE_AUTORELEASING = YES;
				CLANG_WARN_BOOL_CONVERSION = YES;
				CLANG_WARN_COMMA = YES;
				CLANG_WARN_CONSTANT_CONVERSION = YES;
				CLANG_WARN_DEPRECATED_OBJC_IMPLEMENTATIONS = YES;
				CLANG_WARN_DIRECT_OBJC_ISA_USAGE = YES_ERROR;
				CLANG_WARN_DOCUMENTATION_COMMENTS = YES;
				CLANG_WARN_EMPTY_BODY = YES;
				CLANG_WARN_ENUM_CONVERSION = YES;
				CLANG_WARN_INFINITE_RECURSION = YES;
				CLANG_WARN_INT_CONVERSION = YES;
				CLANG_WARN_NON_LITERAL_NULL_CONVERSION = YES;
				CLANG_WARN_OBJC_IMPLICIT_RETAIN_SELF = YES;
				CLANG_WARN_OBJC_LITERAL_CONVERSION = YES;
				CLANG_WARN_OBJC_ROOT_CLASS = YES_ERROR;
				CLANG_WARN_QUOTED_INCLUDE_IN_FRAMEWORK_HEADER = YES;
				CLANG_WARN_RANGE_LOOP_ANALYSIS = YES;
				CLANG_WARN_STRICT_PROTOTYPES = YES;
				CLANG_WARN_SUSPICIOUS_MOVE = YES;
				CLANG_WARN_UNGUARDED_AVAILABILITY = YES_AGGRESSIVE;
				CLANG_WARN_UNREACHABLE_CODE = YES;
				CLANG_WARN__DUPLICATE_METHOD_MATCH = YES;
				COPY_PHASE_STRIP = NO;
				DEBUG_INFORMATION_FORMAT = dwarf;
				ENABLE_STRICT_OBJC_MSGSEND = YES;
				ENABLE_TESTABILITY = YES;
				GCC_C_LANGUAGE_STANDARD = gnu11;
				GCC_DYNAMIC_NO_PIC = NO;
				GCC_NO_COMMON_BLOCKS = YES;
				GCC_OPTIMIZATION_LEVEL = 0;
				GCC_PREPROCESSOR_DEFINITIONS = (
					"DEBUG=1",
					"$(inherited)",
				);
				GCC_WARN_64_TO_32_BIT_CONVERSION = YES;
				GCC_WARN_ABOUT_RETURN_TYPE = YES_ERROR;
				GCC_WARN_UNDECLARED_SELECTOR = YES;
				GCC_WARN_UNINITIALIZED_AUTOS = YES_AGGRESSIVE;
				GCC_WARN_UNUSED_FUNCTION = YES;
				GCC_WARN_UNUSED_VARIABLE = YES;
				IPHONEOS_DEPLOYMENT_TARGET = 15.4;
				MTL_ENABLE_DEBUG_INFO = INCLUDE_SOURCE;
				MTL_FAST_MATH = YES;
				ONLY_ACTIVE_ARCH = YES;
				SDKROOT = iphoneos;
				SWIFT_ACTIVE_COMPILATION_CONDITIONS = DEBUG;
				SWIFT_OPTIMIZATION_LEVEL = "-Onone";
			};
			name = Debug;
		};
		B4F9C31127F46A6500D0C23D /* Release */ = {
			isa = XCBuildConfiguration;
			buildSettings = {
				ALWAYS_SEARCH_USER_PATHS = NO;
				CLANG_ANALYZER_NONNULL = YES;
				CLANG_ANALYZER_NUMBER_OBJECT_CONVERSION = YES_AGGRESSIVE;
				CLANG_CXX_LANGUAGE_STANDARD = "gnu++17";
				CLANG_ENABLE_MODULES = YES;
				CLANG_ENABLE_OBJC_ARC = YES;
				CLANG_ENABLE_OBJC_WEAK = YES;
				CLANG_WARN_BLOCK_CAPTURE_AUTORELEASING = YES;
				CLANG_WARN_BOOL_CONVERSION = YES;
				CLANG_WARN_COMMA = YES;
				CLANG_WARN_CONSTANT_CONVERSION = YES;
				CLANG_WARN_DEPRECATED_OBJC_IMPLEMENTATIONS = YES;
				CLANG_WARN_DIRECT_OBJC_ISA_USAGE = YES_ERROR;
				CLANG_WARN_DOCUMENTATION_COMMENTS = YES;
				CLANG_WARN_EMPTY_BODY = YES;
				CLANG_WARN_ENUM_CONVERSION = YES;
				CLANG_WARN_INFINITE_RECURSION = YES;
				CLANG_WARN_INT_CONVERSION = YES;
				CLANG_WARN_NON_LITERAL_NULL_CONVERSION = YES;
				CLANG_WARN_OBJC_IMPLICIT_RETAIN_SELF = YES;
				CLANG_WARN_OBJC_LITERAL_CONVERSION = YES;
				CLANG_WARN_OBJC_ROOT_CLASS = YES_ERROR;
				CLANG_WARN_QUOTED_INCLUDE_IN_FRAMEWORK_HEADER = YES;
				CLANG_WARN_RANGE_LOOP_ANALYSIS = YES;
				CLANG_WARN_STRICT_PROTOTYPES = YES;
				CLANG_WARN_SUSPICIOUS_MOVE = YES;
				CLANG_WARN_UNGUARDED_AVAILABILITY = YES_AGGRESSIVE;
				CLANG_WARN_UNREACHABLE_CODE = YES;
				CLANG_WARN__DUPLICATE_METHOD_MATCH = YES;
				COPY_PHASE_STRIP = NO;
				DEBUG_INFORMATION_FORMAT = "dwarf-with-dsym";
				ENABLE_NS_ASSERTIONS = NO;
				ENABLE_STRICT_OBJC_MSGSEND = YES;
				GCC_C_LANGUAGE_STANDARD = gnu11;
				GCC_NO_COMMON_BLOCKS = YES;
				GCC_WARN_64_TO_32_BIT_CONVERSION = YES;
				GCC_WARN_ABOUT_RETURN_TYPE = YES_ERROR;
				GCC_WARN_UNDECLARED_SELECTOR = YES;
				GCC_WARN_UNINITIALIZED_AUTOS = YES_AGGRESSIVE;
				GCC_WARN_UNUSED_FUNCTION = YES;
				GCC_WARN_UNUSED_VARIABLE = YES;
				IPHONEOS_DEPLOYMENT_TARGET = 15.4;
				MTL_ENABLE_DEBUG_INFO = NO;
				MTL_FAST_MATH = YES;
				SDKROOT = iphoneos;
				SWIFT_COMPILATION_MODE = wholemodule;
				SWIFT_OPTIMIZATION_LEVEL = "-O";
				VALIDATE_PRODUCT = YES;
			};
			name = Release;
		};
		B4F9C31327F46A6500D0C23D /* Debug */ = {
			isa = XCBuildConfiguration;
			buildSettings = {
				ASSETCATALOG_COMPILER_APPICON_NAME = AppIcon;
				ASSETCATALOG_COMPILER_GLOBAL_ACCENT_COLOR_NAME = AccentColor;
				CODE_SIGN_STYLE = Automatic;
				CURRENT_PROJECT_VERSION = 1;
				DEVELOPMENT_ASSET_PATHS = "\"FishingSouthAfrica/Preview Content\"";
				DEVELOPMENT_TEAM = 58NJVDBUY9;
				ENABLE_PREVIEWS = YES;
				GENERATE_INFOPLIST_FILE = YES;
				INFOPLIST_KEY_NSCameraUsageDescription = "TODO-";
				INFOPLIST_KEY_NSPhotoLibraryUsageDescription = "TODO-";
				INFOPLIST_KEY_UIApplicationSceneManifest_Generation = YES;
				INFOPLIST_KEY_UIApplicationSupportsIndirectInputEvents = YES;
				INFOPLIST_KEY_UILaunchScreen_Generation = YES;
				INFOPLIST_KEY_UISupportedInterfaceOrientations_iPad = "UIInterfaceOrientationPortrait UIInterfaceOrientationPortraitUpsideDown UIInterfaceOrientationLandscapeLeft UIInterfaceOrientationLandscapeRight";
				INFOPLIST_KEY_UISupportedInterfaceOrientations_iPhone = "UIInterfaceOrientationPortrait UIInterfaceOrientationLandscapeLeft UIInterfaceOrientationLandscapeRight";
				LD_RUNPATH_SEARCH_PATHS = (
					"$(inherited)",
					"@executable_path/Frameworks",
				);
				MARKETING_VERSION = 1.0;
				PRODUCT_BUNDLE_IDENTIFIER = me.petewest.FishingSouthAfrica;
				PRODUCT_NAME = "Fishing South Africa";
				SWIFT_EMIT_LOC_STRINGS = YES;
				SWIFT_VERSION = 5.0;
				TARGETED_DEVICE_FAMILY = "1,2";
			};
			name = Debug;
		};
		B4F9C31427F46A6500D0C23D /* Release */ = {
			isa = XCBuildConfiguration;
			buildSettings = {
				ASSETCATALOG_COMPILER_APPICON_NAME = AppIcon;
				ASSETCATALOG_COMPILER_GLOBAL_ACCENT_COLOR_NAME = AccentColor;
				CODE_SIGN_STYLE = Automatic;
				CURRENT_PROJECT_VERSION = 1;
				DEVELOPMENT_ASSET_PATHS = "\"FishingSouthAfrica/Preview Content\"";
				DEVELOPMENT_TEAM = 58NJVDBUY9;
				ENABLE_PREVIEWS = YES;
				GENERATE_INFOPLIST_FILE = YES;
				INFOPLIST_KEY_NSCameraUsageDescription = "TODO-";
				INFOPLIST_KEY_NSPhotoLibraryUsageDescription = "TODO-";
				INFOPLIST_KEY_UIApplicationSceneManifest_Generation = YES;
				INFOPLIST_KEY_UIApplicationSupportsIndirectInputEvents = YES;
				INFOPLIST_KEY_UILaunchScreen_Generation = YES;
				INFOPLIST_KEY_UISupportedInterfaceOrientations_iPad = "UIInterfaceOrientationPortrait UIInterfaceOrientationPortraitUpsideDown UIInterfaceOrientationLandscapeLeft UIInterfaceOrientationLandscapeRight";
				INFOPLIST_KEY_UISupportedInterfaceOrientations_iPhone = "UIInterfaceOrientationPortrait UIInterfaceOrientationLandscapeLeft UIInterfaceOrientationLandscapeRight";
				LD_RUNPATH_SEARCH_PATHS = (
					"$(inherited)",
					"@executable_path/Frameworks",
				);
				MARKETING_VERSION = 1.0;
				PRODUCT_BUNDLE_IDENTIFIER = me.petewest.FishingSouthAfrica;
				PRODUCT_NAME = "Fishing South Africa";
				SWIFT_EMIT_LOC_STRINGS = YES;
				SWIFT_VERSION = 5.0;
				TARGETED_DEVICE_FAMILY = "1,2";
			};
			name = Release;
		};
/* End XCBuildConfiguration section */

/* Begin XCConfigurationList section */
		B4F9C2FF27F46A6000D0C23D /* Build configuration list for PBXProject "FishingSouthAfrica" */ = {
			isa = XCConfigurationList;
			buildConfigurations = (
				B4F9C31027F46A6500D0C23D /* Debug */,
				B4F9C31127F46A6500D0C23D /* Release */,
			);
			defaultConfigurationIsVisible = 0;
			defaultConfigurationName = Release;
		};
		B4F9C31227F46A6500D0C23D /* Build configuration list for PBXNativeTarget "FishingSouthAfrica" */ = {
			isa = XCConfigurationList;
			buildConfigurations = (
				B4F9C31327F46A6500D0C23D /* Debug */,
				B4F9C31427F46A6500D0C23D /* Release */,
			);
			defaultConfigurationIsVisible = 0;
			defaultConfigurationName = Release;
		};
/* End XCConfigurationList section */

/* Begin XCRemoteSwiftPackageReference section */
		B487880527FECE3C00D9F79D /* XCRemoteSwiftPackageReference "SDWebImageSwiftUI" */ = {
			isa = XCRemoteSwiftPackageReference;
			repositoryURL = "https://github.com/SDWebImage/SDWebImageSwiftUI";
			requirement = {
				kind = upToNextMajorVersion;
				minimumVersion = 2.0.0;
			};
		};
		B499A43B27F9E9AF00CD14B4 /* XCRemoteSwiftPackageReference "firebase-ios-sdk" */ = {
			isa = XCRemoteSwiftPackageReference;
			repositoryURL = "https://github.com/firebase/firebase-ios-sdk";
			requirement = {
				branch = master;
				kind = branch;
			};
		};
		B4CC93EE27FB1D5800FD809C /* XCRemoteSwiftPackageReference "firebase-ios-sdk" */ = {
			isa = XCRemoteSwiftPackageReference;
			repositoryURL = "https://github.com/firebase/firebase-ios-sdk";
			requirement = {
				branch = master;
				kind = branch;
			};
		};
		B4F9C31527F46B0600D0C23D /* XCRemoteSwiftPackageReference "firebase-ios-sdk" */ = {
			isa = XCRemoteSwiftPackageReference;
			repositoryURL = "https://github.com/firebase/firebase-ios-sdk";
			requirement = {
				branch = master;
				kind = branch;
			};
		};
/* End XCRemoteSwiftPackageReference section */

/* Begin XCSwiftPackageProductDependency section */
		B487880627FECE3C00D9F79D /* SDWebImageSwiftUI */ = {
			isa = XCSwiftPackageProductDependency;
			package = B487880527FECE3C00D9F79D /* XCRemoteSwiftPackageReference "SDWebImageSwiftUI" */;
			productName = SDWebImageSwiftUI;
		};
		B499A43C27F9E9AF00CD14B4 /* FirebaseFirestoreSwift-Beta */ = {
			isa = XCSwiftPackageProductDependency;
			package = B4F9C31527F46B0600D0C23D /* XCRemoteSwiftPackageReference "firebase-ios-sdk" */;
			productName = "FirebaseFirestoreSwift-Beta";
		};
		B4CC93EF27FB1D5800FD809C /* FirebaseStorage */ = {
			isa = XCSwiftPackageProductDependency;
			package = B4F9C31527F46B0600D0C23D /* XCRemoteSwiftPackageReference "firebase-ios-sdk" */;
			productName = FirebaseStorage;
		};
		B4CC93F127FB1D5800FD809C /* FirebaseStorageCombine-Community */ = {
			isa = XCSwiftPackageProductDependency;
			package = B4F9C31527F46B0600D0C23D /* XCRemoteSwiftPackageReference "firebase-ios-sdk" */;
			productName = "FirebaseStorageCombine-Community";
		};
		B4CC93F327FB1D5800FD809C /* FirebaseStorageSwift-Beta */ = {
			isa = XCSwiftPackageProductDependency;
			package = B4F9C31527F46B0600D0C23D /* XCRemoteSwiftPackageReference "firebase-ios-sdk" */;
			productName = "FirebaseStorageSwift-Beta";
		};
		B4F9C31627F46B0600D0C23D /* FirebaseAuth */ = {
			isa = XCSwiftPackageProductDependency;
			package = B4F9C31527F46B0600D0C23D /* XCRemoteSwiftPackageReference "firebase-ios-sdk" */;
			productName = FirebaseAuth;
		};
		B4F9C31827F46B0600D0C23D /* FirebaseFirestore */ = {
			isa = XCSwiftPackageProductDependency;
			package = B4F9C31527F46B0600D0C23D /* XCRemoteSwiftPackageReference "firebase-ios-sdk" */;
			productName = FirebaseFirestore;
		};
		B4F9C31A27F46B0600D0C23D /* FirebaseStorage */ = {
			isa = XCSwiftPackageProductDependency;
			package = B4F9C31527F46B0600D0C23D /* XCRemoteSwiftPackageReference "firebase-ios-sdk" */;
			productName = FirebaseStorage;
		};
/* End XCSwiftPackageProductDependency section */
	};
	rootObject = B4F9C2FC27F46A6000D0C23D /* Project object */;
}
